
Microsoft Visual Studio Solution File, Format Version 12.00
# Visual Studio Version 17
VisualStudioVersion = 17.6.33815.320
MinimumVisualStudioVersion = 10.0.40219.1
Project("{FAE04EC0-301F-11D3-BF4B-00C04F79EFBC}") = "010_OOP_types", "010_OOP\010_OOP_types.csproj", "{67702541-650F-46FD-8436-01C1E3DEB903}"
EndProject
Project("{FAE04EC0-301F-11D3-BF4B-00C04F79EFBC}") = "020_OOP_PERSONEL", "020_OOP_PERSONEL\020_OOP_PERSONEL.csproj", "{4127BDF4-4B03-4982-B194-9CD476256F1A}"
EndProject
Global
	GlobalSection(SolutionConfigurationPlatforms) = preSolution
		Debug|Any CPU = Debug|Any CPU
		Release|Any CPU = Release|Any CPU
	EndGlobalSection
	GlobalSection(ProjectConfigurationPlatforms) = postSolution
		{67702541-650F-46FD-8436-01C1E3DEB903}.Debug|Any CPU.ActiveCfg = Debug|Any CPU
		{67702541-650F-46FD-8436-01C1E3DEB903}.Debug|Any CPU.Build.0 = Debug|Any CPU
		{67702541-650F-46FD-8436-01C1E3DEB903}.Release|Any CPU.ActiveCfg = Release|Any CPU
		{67702541-650F-46FD-8436-01C1E3DEB903}.Release|Any CPU.Build.0 = Release|Any CPU
		{4127BDF4-4B03-4982-B194-9CD476256F1A}.Debug|Any CPU.ActiveCfg = Debug|Any CPU
		{4127BDF4-4B03-4982-B194-9CD476256F1A}.Debug|Any CPU.Build.0 = Debug|Any CPU
		{4127BDF4-4B03-4982-B194-9CD476256F1A}.Release|Any CPU.ActiveCfg = Release|Any CPU
		{4127BDF4-4B03-4982-B194-9CD476256F1A}.Release|Any CPU.Build.0 = Release|Any CPU
	EndGlobalSection
	GlobalSection(SolutionProperties) = preSolution
		HideSolutionNode = FALSE
	EndGlobalSection
	GlobalSection(ExtensibilityGlobals) = postSolution
		SolutionGuid = {BF0AF766-72A1-4E6B-91D7-E24EF57FCA04}
	EndGlobalSection
EndGlobal
